
Microsoft Visual Studio Solution File, Format Version 12.00
# Visual Studio Version 16
VisualStudioVersion = 16.0.30611.23
MinimumVisualStudioVersion = 10.0.40219.1
Project("{9A19103F-16F7-4668-BE54-9A1E7A4F7556}") = "CSharpConsole", "CSharpConsole\CSharpConsole.csproj", "{3EB52D23-6038-4762-AFC9-80F126B09556}"
EndProject
Project("{9A19103F-16F7-4668-BE54-9A1E7A4F7556}") = "_4_18", "_4_18\_4_18.csproj", "{F7D3E846-C978-45C0-97A5-0B08EE98E1BF}"
EndProject
Project("{9A19103F-16F7-4668-BE54-9A1E7A4F7556}") = "_5_5", "_5_5\_5_5.csproj", "{2C1DE46C-642B-41E5-98F3-1B80DA3CA7D5}"
EndProject
Project("{9A19103F-16F7-4668-BE54-9A1E7A4F7556}") = "_5_16", "_5_16\_5_16.csproj", "{4AE120B6-B4D7-403A-B5E9-982A8BD600BF}"
EndProject
Project("{9A19103F-16F7-4668-BE54-9A1E7A4F7556}") = "AsyncTest", "AsyncTest\AsyncTest.csproj", "{22BBBE36-2D72-44D7-8857-AEC4E222EA0A}"
EndProject
Project("{FAE04EC0-301F-11D3-BF4B-00C04F79EFBC}") = "_5_22", "_5_22\_5_22.csproj", "{08A25D18-89D9-4855-ADB2-130EF40B4421}"
EndProject
Global
	GlobalSection(SolutionConfigurationPlatforms) = preSolution
		Debug|Any CPU = Debug|Any CPU
		Release|Any CPU = Release|Any CPU
	EndGlobalSection
	GlobalSection(ProjectConfigurationPlatforms) = postSolution
		{3EB52D23-6038-4762-AFC9-80F126B09556}.Debug|Any CPU.ActiveCfg = Debug|Any CPU
		{3EB52D23-6038-4762-AFC9-80F126B09556}.Debug|Any CPU.Build.0 = Debug|Any CPU
		{3EB52D23-6038-4762-AFC9-80F126B09556}.Release|Any CPU.ActiveCfg = Release|Any CPU
		{3EB52D23-6038-4762-AFC9-80F126B09556}.Release|Any CPU.Build.0 = Release|Any CPU
		{F7D3E846-C978-45C0-97A5-0B08EE98E1BF}.Debug|Any CPU.ActiveCfg = Debug|Any CPU
		{F7D3E846-C978-45C0-97A5-0B08EE98E1BF}.Debug|Any CPU.Build.0 = Debug|Any CPU
		{F7D3E846-C978-45C0-97A5-0B08EE98E1BF}.Release|Any CPU.ActiveCfg = Release|Any CPU
		{F7D3E846-C978-45C0-97A5-0B08EE98E1BF}.Release|Any CPU.Build.0 = Release|Any CPU
		{2C1DE46C-642B-41E5-98F3-1B80DA3CA7D5}.Debug|Any CPU.ActiveCfg = Debug|Any CPU
		{2C1DE46C-642B-41E5-98F3-1B80DA3CA7D5}.Debug|Any CPU.Build.0 = Debug|Any CPU
		{2C1DE46C-642B-41E5-98F3-1B80DA3CA7D5}.Release|Any CPU.ActiveCfg = Release|Any CPU
		{2C1DE46C-642B-41E5-98F3-1B80DA3CA7D5}.Release|Any CPU.Build.0 = Release|Any CPU
		{4AE120B6-B4D7-403A-B5E9-982A8BD600BF}.Debug|Any CPU.ActiveCfg = Debug|Any CPU
		{4AE120B6-B4D7-403A-B5E9-982A8BD600BF}.Debug|Any CPU.Build.0 = Debug|Any CPU
		{4AE120B6-B4D7-403A-B5E9-982A8BD600BF}.Release|Any CPU.ActiveCfg = Release|Any CPU
		{4AE120B6-B4D7-403A-B5E9-982A8BD600BF}.Release|Any CPU.Build.0 = Release|Any CPU
		{22BBBE36-2D72-44D7-8857-AEC4E222EA0A}.Debug|Any CPU.ActiveCfg = Debug|Any CPU
		{22BBBE36-2D72-44D7-8857-AEC4E222EA0A}.Debug|Any CPU.Build.0 = Debug|Any CPU
		{22BBBE36-2D72-44D7-8857-AEC4E222EA0A}.Release|Any CPU.ActiveCfg = Release|Any CPU
		{22BBBE36-2D72-44D7-8857-AEC4E222EA0A}.Release|Any CPU.Build.0 = Release|Any CPU
		{08A25D18-89D9-4855-ADB2-130EF40B4421}.Debug|Any CPU.ActiveCfg = Debug|Any CPU
		{08A25D18-89D9-4855-ADB2-130EF40B4421}.Debug|Any CPU.Build.0 = Debug|Any CPU
		{08A25D18-89D9-4855-ADB2-130EF40B4421}.Release|Any CPU.ActiveCfg = Release|Any CPU
		{08A25D18-89D9-4855-ADB2-130EF40B4421}.Release|Any CPU.Build.0 = Release|Any CPU
	EndGlobalSection
	GlobalSection(SolutionProperties) = preSolution
		HideSolutionNode = FALSE
	EndGlobalSection
	GlobalSection(ExtensibilityGlobals) = postSolution
		SolutionGuid = {D78F0FC4-FA6D-471C-A429-A614B98DD0AB}
	EndGlobalSection
EndGlobal
